
Microsoft Visual Studio Solution File, Format Version 12.00
# Visual Studio 15
Project("{FAE04EC0-301F-11D3-BF4B-00C04F79EFBC}") = "Assembly-CSharp", "Assembly-CSharp.csproj", "{6EF07273-198F-EDAC-4D5E-67CFEF6BE430}"
EndProject
Project("{FAE04EC0-301F-11D3-BF4B-00C04F79EFBC}") = "Assembly-CSharp-Editor", "Assembly-CSharp-Editor.csproj", "{6E21D044-7BF3-C03F-CFB5-CD71C5631C44}"
EndProject
Global
	GlobalSection(SolutionConfigurationPlatforms) = preSolution
		Debug|Any CPU = Debug|Any CPU
		Release|Any CPU = Release|Any CPU
	EndGlobalSection
	GlobalSection(ProjectConfigurationPlatforms) = postSolution
		{6EF07273-198F-EDAC-4D5E-67CFEF6BE430}.Debug|Any CPU.ActiveCfg = Debug|Any CPU
		{6EF07273-198F-EDAC-4D5E-67CFEF6BE430}.Debug|Any CPU.Build.0 = Debug|Any CPU
		{6EF07273-198F-EDAC-4D5E-67CFEF6BE430}.Release|Any CPU.ActiveCfg = Release|Any CPU
		{6EF07273-198F-EDAC-4D5E-67CFEF6BE430}.Release|Any CPU.Build.0 = Release|Any CPU
		{6E21D044-7BF3-C03F-CFB5-CD71C5631C44}.Debug|Any CPU.ActiveCfg = Debug|Any CPU
		{6E21D044-7BF3-C03F-CFB5-CD71C5631C44}.Debug|Any CPU.Build.0 = Debug|Any CPU
		{6E21D044-7BF3-C03F-CFB5-CD71C5631C44}.Release|Any CPU.ActiveCfg = Release|Any CPU
		{6E21D044-7BF3-C03F-CFB5-CD71C5631C44}.Release|Any CPU.Build.0 = Release|Any CPU
	EndGlobalSection
	GlobalSection(SolutionProperties) = preSolution
		HideSolutionNode = FALSE
	EndGlobalSection
EndGlobal
